
Microsoft Visual Studio Solution File, Format Version 12.00
# Visual Studio 15
VisualStudioVersion = 15.0.26730.8
MinimumVisualStudioVersion = 10.0.40219.1
Project("{FAE04EC0-301F-11D3-BF4B-00C04F79EFBC}") = "Gran Torismo API", "Gran Torismo API\Gran Torismo API.csproj", "{B84BF349-A69D-4D69-978C-30F2F513EF66}"
EndProject
Global
	GlobalSection(SolutionConfigurationPlatforms) = preSolution
		Debug|Any CPU = Debug|Any CPU
		Release|Any CPU = Release|Any CPU
	EndGlobalSection
	GlobalSection(ProjectConfigurationPlatforms) = postSolution
		{B84BF349-A69D-4D69-978C-30F2F513EF66}.Debug|Any CPU.ActiveCfg = Debug|Any CPU
		{B84BF349-A69D-4D69-978C-30F2F513EF66}.Debug|Any CPU.Build.0 = Debug|Any CPU
		{B84BF349-A69D-4D69-978C-30F2F513EF66}.Release|Any CPU.ActiveCfg = Release|Any CPU
		{B84BF349-A69D-4D69-978C-30F2F513EF66}.Release|Any CPU.Build.0 = Release|Any CPU
	EndGlobalSection
	GlobalSection(SolutionProperties) = preSolution
		HideSolutionNode = FALSE
	EndGlobalSection
	GlobalSection(ExtensibilityGlobals) = postSolution
		SolutionGuid = {C3F381A4-B19D-4E9C-9F32-4A89916D9B8F}
	EndGlobalSection
EndGlobal
